// !$*UTF8*$!
{
	archiveVersion = 1;
	classes = {
	};
	objectVersion = 56;
	objects = {

/* Begin PBXBuildFile section */
		C15C1B4F2BF54D6000C18BF5 /* Game.cpp in Sources */ = {isa = PBXBuildFile; fileRef = C15C1B4A2BF54D6000C18BF5 /* Game.cpp */; };
		C15C1B502BF54D6000C18BF5 /* main.cpp in Sources */ = {isa = PBXBuildFile; fileRef = C15C1B4C2BF54D6000C18BF5 /* main.cpp */; };
		C15C1B512BF54D6000C18BF5 /* utilities.cpp in Sources */ = {isa = PBXBuildFile; fileRef = C15C1B4D2BF54D6000C18BF5 /* utilities.cpp */; };
		C15C1B542BF5600C00C18BF5 /* Actor.cpp in Sources */ = {isa = PBXBuildFile; fileRef = C15C1B522BF5600C00C18BF5 /* Actor.cpp */; };
		C1F250432BFAB0B7005B2593 /* Temple.cpp in Sources */ = {isa = PBXBuildFile; fileRef = C1F250412BFAB0B7005B2593 /* Temple.cpp */; };
/* End PBXBuildFile section */

/* Begin PBXCopyFilesBuildPhase section */
		C15C1B3E2BF5431200C18BF5 /* CopyFiles */ = {
			isa = PBXCopyFilesBuildPhase;
			buildActionMask = 2147483647;
			dstPath = /usr/share/man/man1/;
			dstSubfolderSpec = 0;
			files = (
			);
			runOnlyForDeploymentPostprocessing = 1;
		};
/* End PBXCopyFilesBuildPhase section */

/* Begin PBXFileReference section */
		C15C1B402BF5431200C18BF5 /* s24Project3 */ = {isa = PBXFileReference; explicitFileType = "compiled.mach-o.executable"; includeInIndex = 0; path = s24Project3; sourceTree = BUILT_PRODUCTS_DIR; };
		C15C1B4A2BF54D6000C18BF5 /* Game.cpp */ = {isa = PBXFileReference; fileEncoding = 4; lastKnownFileType = sourcecode.cpp.cpp; path = Game.cpp; sourceTree = "<group>"; };
		C15C1B4B2BF54D6000C18BF5 /* Game.h */ = {isa = PBXFileReference; fileEncoding = 4; lastKnownFileType = sourcecode.c.h; path = Game.h; sourceTree = "<group>"; };
		C15C1B4C2BF54D6000C18BF5 /* main.cpp */ = {isa = PBXFileReference; fileEncoding = 4; lastKnownFileType = sourcecode.cpp.cpp; path = main.cpp; sourceTree = "<group>"; };
		C15C1B4D2BF54D6000C18BF5 /* utilities.cpp */ = {isa = PBXFileReference; fileEncoding = 4; lastKnownFileType = sourcecode.cpp.cpp; path = utilities.cpp; sourceTree = "<group>"; };
		C15C1B4E2BF54D6000C18BF5 /* utilities.h */ = {isa = PBXFileReference; fileEncoding = 4; lastKnownFileType = sourcecode.c.h; path = utilities.h; sourceTree = "<group>"; };
		C15C1B522BF5600C00C18BF5 /* Actor.cpp */ = {isa = PBXFileReference; lastKnownFileType = sourcecode.cpp.cpp; name = Actor.cpp; path = s24Project3/Actor.cpp; sourceTree = SOURCE_ROOT; };
		C15C1B532BF5600C00C18BF5 /* Actor.h */ = {isa = PBXFileReference; lastKnownFileType = sourcecode.c.h; name = Actor.h; path = s24Project3/Actor.h; sourceTree = SOURCE_ROOT; };
		C15C1B552BF5E2DE00C18BF5 /* globals.h */ = {isa = PBXFileReference; lastKnownFileType = sourcecode.c.h; name = globals.h; path = s24Project3/globals.h; sourceTree = SOURCE_ROOT; };
		C1F250412BFAB0B7005B2593 /* Temple.cpp */ = {isa = PBXFileReference; lastKnownFileType = sourcecode.cpp.cpp; name = Temple.cpp; path = s24Project3/Temple.cpp; sourceTree = SOURCE_ROOT; };
		C1F250422BFAB0B7005B2593 /* Temple.h */ = {isa = PBXFileReference; lastKnownFileType = sourcecode.c.h; name = Temple.h; path = s24Project3/Temple.h; sourceTree = SOURCE_ROOT; };
/* End PBXFileReference section */

/* Begin PBXFrameworksBuildPhase section */
		C15C1B3D2BF5431200C18BF5 /* Frameworks */ = {
			isa = PBXFrameworksBuildPhase;
			buildActionMask = 2147483647;
			files = (
			);
			runOnlyForDeploymentPostprocessing = 0;
		};
/* End PBXFrameworksBuildPhase section */

/* Begin PBXGroup section */
		C15C1B372BF5431200C18BF5 = {
			isa = PBXGroup;
			children = (
				C15C1B422BF5431200C18BF5 /* s24Project3 */,
				C15C1B412BF5431200C18BF5 /* Products */,
			);
			sourceTree = "<group>";
		};
		C15C1B412BF5431200C18BF5 /* Products */ = {
			isa = PBXGroup;
			children = (
				C15C1B402BF5431200C18BF5 /* s24Project3 */,
			);
			name = Products;
			sourceTree = "<group>";
		};
		C15C1B422BF5431200C18BF5 /* s24Project3 */ = {
			isa = PBXGroup;
			children = (
				C1F250412BFAB0B7005B2593 /* Temple.cpp */,
				C1F250422BFAB0B7005B2593 /* Temple.h */,
				C15C1B552BF5E2DE00C18BF5 /* globals.h */,
				C15C1B522BF5600C00C18BF5 /* Actor.cpp */,
				C15C1B532BF5600C00C18BF5 /* Actor.h */,
				C15C1B4A2BF54D6000C18BF5 /* Game.cpp */,
				C15C1B4B2BF54D6000C18BF5 /* Game.h */,
				C15C1B4C2BF54D6000C18BF5 /* main.cpp */,
				C15C1B4E2BF54D6000C18BF5 /* utilities.h */,
				C15C1B4D2BF54D6000C18BF5 /* utilities.cpp */,
			);
			path = s24Project3;
			sourceTree = "<group>";
		};
/* End PBXGroup section */

/* Begin PBXNativeTarget section */
		C15C1B3F2BF5431200C18BF5 /* s24Project3 */ = {
			isa = PBXNativeTarget;
			buildConfigurationList = C15C1B472BF5431200C18BF5 /* Build configuration list for PBXNativeTarget "s24Project3" */;
			buildPhases = (
				C15C1B3C2BF5431200C18BF5 /* Sources */,
				C15C1B3D2BF5431200C18BF5 /* Frameworks */,
				C15C1B3E2BF5431200C18BF5 /* CopyFiles */,
			);
			buildRules = (
			);
			dependencies = (
			);
			name = s24Project3;
			productName = s24Project3;
			productReference = C15C1B402BF5431200C18BF5 /* s24Project3 */;
			productType = "com.apple.product-type.tool";
		};
/* End PBXNativeTarget section */

/* Begin PBXProject section */
		C15C1B382BF5431200C18BF5 /* Project object */ = {
			isa = PBXProject;
			attributes = {
				BuildIndependentTargetsInParallel = 1;
				LastUpgradeCheck = 1520;
				TargetAttributes = {
					C15C1B3F2BF5431200C18BF5 = {
						CreatedOnToolsVersion = 15.2;
					};
				};
			};
			buildConfigurationList = C15C1B3B2BF5431200C18BF5 /* Build configuration list for PBXProject "s24Project3" */;
			compatibilityVersion = "Xcode 14.0";
			developmentRegion = en;
			hasScannedForEncodings = 0;
			knownRegions = (
				en,
				Base,
			);
			mainGroup = C15C1B372BF5431200C18BF5;
			productRefGroup = C15C1B412BF5431200C18BF5 /* Products */;
			projectDirPath = "";
			projectRoot = "";
			targets = (
				C15C1B3F2BF5431200C18BF5 /* s24Project3 */,
			);
		};
/* End PBXProject section */

/* Begin PBXSourcesBuildPhase section */
		C15C1B3C2BF5431200C18BF5 /* Sources */ = {
			isa = PBXSourcesBuildPhase;
			buildActionMask = 2147483647;
			files = (
				C15C1B512BF54D6000C18BF5 /* utilities.cpp in Sources */,
				C15C1B502BF54D6000C18BF5 /* main.cpp in Sources */,
				C1F250432BFAB0B7005B2593 /* Temple.cpp in Sources */,
				C15C1B4F2BF54D6000C18BF5 /* Game.cpp in Sources */,
				C15C1B542BF5600C00C18BF5 /* Actor.cpp in Sources */,
			);
			runOnlyForDeploymentPostprocessing = 0;
		};
/* End PBXSourcesBuildPhase section */

/* Begin XCBuildConfiguration section */
		C15C1B452BF5431200C18BF5 /* Debug */ = {
			isa = XCBuildConfiguration;
			buildSettings = {
				ALWAYS_SEARCH_USER_PATHS = NO;
				ASSETCATALOG_COMPILER_GENERATE_SWIFT_ASSET_SYMBOL_EXTENSIONS = YES;
				CLANG_ANALYZER_NONNULL = YES;
				CLANG_ANALYZER_NUMBER_OBJECT_CONVERSION = YES_AGGRESSIVE;
				CLANG_CXX_LANGUAGE_STANDARD = "gnu++20";
				CLANG_ENABLE_MODULES = YES;
				CLANG_ENABLE_OBJC_ARC = YES;
				CLANG_ENABLE_OBJC_WEAK = YES;
				CLANG_WARN_BLOCK_CAPTURE_AUTORELEASING = YES;
				CLANG_WARN_BOOL_CONVERSION = YES;
				CLANG_WARN_COMMA = YES;
				CLANG_WARN_CONSTANT_CONVERSION = YES;
				CLANG_WARN_DEPRECATED_OBJC_IMPLEMENTATIONS = YES;
				CLANG_WARN_DIRECT_OBJC_ISA_USAGE = YES_ERROR;
				CLANG_WARN_DOCUMENTATION_COMMENTS = YES;
				CLANG_WARN_EMPTY_BODY = YES;
				CLANG_WARN_ENUM_CONVERSION = YES;
				CLANG_WARN_INFINITE_RECURSION = YES;
				CLANG_WARN_INT_CONVERSION = YES;
				CLANG_WARN_NON_LITERAL_NULL_CONVERSION = YES;
				CLANG_WARN_OBJC_IMPLICIT_RETAIN_SELF = YES;
				CLANG_WARN_OBJC_LITERAL_CONVERSION = YES;
				CLANG_WARN_OBJC_ROOT_CLASS = YES_ERROR;
				CLANG_WARN_QUOTED_INCLUDE_IN_FRAMEWORK_HEADER = YES;
				CLANG_WARN_RANGE_LOOP_ANALYSIS = YES;
				CLANG_WARN_STRICT_PROTOTYPES = YES;
				CLANG_WARN_SUSPICIOUS_MOVE = YES;
				CLANG_WARN_UNGUARDED_AVAILABILITY = YES_AGGRESSIVE;
				CLANG_WARN_UNREACHABLE_CODE = YES;
				CLANG_WARN__DUPLICATE_METHOD_MATCH = YES;
				COPY_PHASE_STRIP = NO;
				DEBUG_INFORMATION_FORMAT = dwarf;
				ENABLE_STRICT_OBJC_MSGSEND = YES;
				ENABLE_TESTABILITY = YES;
				ENABLE_USER_SCRIPT_SANDBOXING = YES;
				GCC_C_LANGUAGE_STANDARD = gnu17;
				GCC_DYNAMIC_NO_PIC = NO;
				GCC_NO_COMMON_BLOCKS = YES;
				GCC_OPTIMIZATION_LEVEL = 0;
				GCC_PREPROCESSOR_DEFINITIONS = (
					"DEBUG=1",
					"$(inherited)",
				);
				GCC_WARN_64_TO_32_BIT_CONVERSION = YES;
				GCC_WARN_ABOUT_RETURN_TYPE = YES_ERROR;
				GCC_WARN_UNDECLARED_SELECTOR = YES;
				GCC_WARN_UNINITIALIZED_AUTOS = YES_AGGRESSIVE;
				GCC_WARN_UNUSED_FUNCTION = YES;
				GCC_WARN_UNUSED_VARIABLE = YES;
				LOCALIZATION_PREFERS_STRING_CATALOGS = YES;
				MACOSX_DEPLOYMENT_TARGET = 14.2;
				MTL_ENABLE_DEBUG_INFO = INCLUDE_SOURCE;
				MTL_FAST_MATH = YES;
				ONLY_ACTIVE_ARCH = YES;
				SDKROOT = macosx;
			};
			name = Debug;
		};
		C15C1B462BF5431200C18BF5 /* Release */ = {
			isa = XCBuildConfiguration;
			buildSettings = {
				ALWAYS_SEARCH_USER_PATHS = NO;
				ASSETCATALOG_COMPILER_GENERATE_SWIFT_ASSET_SYMBOL_EXTENSIONS = YES;
				CLANG_ANALYZER_NONNULL = YES;
				CLANG_ANALYZER_NUMBER_OBJECT_CONVERSION = YES_AGGRESSIVE;
				CLANG_CXX_LANGUAGE_STANDARD = "gnu++20";
				CLANG_ENABLE_MODULES = YES;
				CLANG_ENABLE_OBJC_ARC = YES;
				CLANG_ENABLE_OBJC_WEAK = YES;
				CLANG_WARN_BLOCK_CAPTURE_AUTORELEASING = YES;
				CLANG_WARN_BOOL_CONVERSION = YES;
				CLANG_WARN_COMMA = YES;
				CLANG_WARN_CONSTANT_CONVERSION = YES;
				CLANG_WARN_DEPRECATED_OBJC_IMPLEMENTATIONS = YES;
				CLANG_WARN_DIRECT_OBJC_ISA_USAGE = YES_ERROR;
				CLANG_WARN_DOCUMENTATION_COMMENTS = YES;
				CLANG_WARN_EMPTY_BODY = YES;
				CLANG_WARN_ENUM_CONVERSION = YES;
				CLANG_WARN_INFINITE_RECURSION = YES;
				CLANG_WARN_INT_CONVERSION = YES;
				CLANG_WARN_NON_LITERAL_NULL_CONVERSION = YES;
				CLANG_WARN_OBJC_IMPLICIT_RETAIN_SELF = YES;
				CLANG_WARN_OBJC_LITERAL_CONVERSION = YES;
				CLANG_WARN_OBJC_ROOT_CLASS = YES_ERROR;
				CLANG_WARN_QUOTED_INCLUDE_IN_FRAMEWORK_HEADER = YES;
				CLANG_WARN_RANGE_LOOP_ANALYSIS = YES;
				CLANG_WARN_STRICT_PROTOTYPES = YES;
				CLANG_WARN_SUSPICIOUS_MOVE = YES;
				CLANG_WARN_UNGUARDED_AVAILABILITY = YES_AGGRESSIVE;
				CLANG_WARN_UNREACHABLE_CODE = YES;
				CLANG_WARN__DUPLICATE_METHOD_MATCH = YES;
				COPY_PHASE_STRIP = NO;
				DEBUG_INFORMATION_FORMAT = "dwarf-with-dsym";
				ENABLE_NS_ASSERTIONS = NO;
				ENABLE_STRICT_OBJC_MSGSEND = YES;
				ENABLE_USER_SCRIPT_SANDBOXING = YES;
				GCC_C_LANGUAGE_STANDARD = gnu17;
				GCC_NO_COMMON_BLOCKS = YES;
				GCC_WARN_64_TO_32_BIT_CONVERSION = YES;
				GCC_WARN_ABOUT_RETURN_TYPE = YES_ERROR;
				GCC_WARN_UNDECLARED_SELECTOR = YES;
				GCC_WARN_UNINITIALIZED_AUTOS = YES_AGGRESSIVE;
				GCC_WARN_UNUSED_FUNCTION = YES;
				GCC_WARN_UNUSED_VARIABLE = YES;
				LOCALIZATION_PREFERS_STRING_CATALOGS = YES;
				MACOSX_DEPLOYMENT_TARGET = 14.2;
				MTL_ENABLE_DEBUG_INFO = NO;
				MTL_FAST_MATH = YES;
				SDKROOT = macosx;
			};
			name = Release;
		};
		C15C1B482BF5431200C18BF5 /* Debug */ = {
			isa = XCBuildConfiguration;
			buildSettings = {
				CODE_SIGN_STYLE = Automatic;
				PRODUCT_NAME = "$(TARGET_NAME)";
			};
			name = Debug;
		};
		C15C1B492BF5431200C18BF5 /* Release */ = {
			isa = XCBuildConfiguration;
			buildSettings = {
				CODE_SIGN_STYLE = Automatic;
				PRODUCT_NAME = "$(TARGET_NAME)";
			};
			name = Release;
		};
/* End XCBuildConfiguration section */

/* Begin XCConfigurationList section */
		C15C1B3B2BF5431200C18BF5 /* Build configuration list for PBXProject "s24Project3" */ = {
			isa = XCConfigurationList;
			buildConfigurations = (
				C15C1B452BF5431200C18BF5 /* Debug */,
				C15C1B462BF5431200C18BF5 /* Release */,
			);
			defaultConfigurationIsVisible = 0;
			defaultConfigurationName = Release;
		};
		C15C1B472BF5431200C18BF5 /* Build configuration list for PBXNativeTarget "s24Project3" */ = {
			isa = XCConfigurationList;
			buildConfigurations = (
				C15C1B482BF5431200C18BF5 /* Debug */,
				C15C1B492BF5431200C18BF5 /* Release */,
			);
			defaultConfigurationIsVisible = 0;
			defaultConfigurationName = Release;
		};
/* End XCConfigurationList section */
	};
	rootObject = C15C1B382BF5431200C18BF5 /* Project object */;
}
